
Microsoft Visual Studio Solution File, Format Version 12.00
# Visual Studio 14
VisualStudioVersion = 14.0.25420.1
MinimumVisualStudioVersion = 10.0.40219.1
Project("{FAE04EC0-301F-11D3-BF4B-00C04F79EFBC}") = "Testing", "Testing.csproj", "{63DF36DC-62AC-483A-B90D-E278276043B0}"
EndProject
Project("{FAE04EC0-301F-11D3-BF4B-00C04F79EFBC}") = "Solutions", "..\Solutionss\Solutions.csproj", "{B52D1961-E1B5-453B-A849-A7D5E111CB47}"
EndProject
Global
	GlobalSection(SolutionConfigurationPlatforms) = preSolution
		Debug|Any CPU = Debug|Any CPU
		Release|Any CPU = Release|Any CPU
	EndGlobalSection
	GlobalSection(ProjectConfigurationPlatforms) = postSolution
		{63DF36DC-62AC-483A-B90D-E278276043B0}.Debug|Any CPU.ActiveCfg = Debug|Any CPU
		{63DF36DC-62AC-483A-B90D-E278276043B0}.Debug|Any CPU.Build.0 = Debug|Any CPU
		{63DF36DC-62AC-483A-B90D-E278276043B0}.Release|Any CPU.ActiveCfg = Release|Any CPU
		{63DF36DC-62AC-483A-B90D-E278276043B0}.Release|Any CPU.Build.0 = Release|Any CPU
		{B52D1961-E1B5-453B-A849-A7D5E111CB47}.Debug|Any CPU.ActiveCfg = Debug|Any CPU
		{B52D1961-E1B5-453B-A849-A7D5E111CB47}.Debug|Any CPU.Build.0 = Debug|Any CPU
		{B52D1961-E1B5-453B-A849-A7D5E111CB47}.Release|Any CPU.ActiveCfg = Release|Any CPU
		{B52D1961-E1B5-453B-A849-A7D5E111CB47}.Release|Any CPU.Build.0 = Release|Any CPU
	EndGlobalSection
	GlobalSection(SolutionProperties) = preSolution
		HideSolutionNode = FALSE
	EndGlobalSection
EndGlobal
